
Microsoft Visual Studio Solution File, Format Version 12.00
# Visual Studio Version 16
VisualStudioVersion = 16.0.31129.286
MinimumVisualStudioVersion = 10.0.40219.1
Project("{9A19103F-16F7-4668-BE54-9A1E7A4F7556}") = "WebApiService01", "WebApiService01\WebApiService01.csproj", "{B04AAA13-E198-46DD-B62F-6A730616AC8F}"
EndProject
Project("{9A19103F-16F7-4668-BE54-9A1E7A4F7556}") = "ApiGateway", "ApiGateway\ApiGateway.csproj", "{B455571E-7741-426E-A227-8C57C2031448}"
EndProject
Project("{9A19103F-16F7-4668-BE54-9A1E7A4F7556}") = "Common", "Common\Common.csproj", "{DE81575B-BA8D-4AA3-9CF8-02982D6C6EBE}"
EndProject
Project("{FAE04EC0-301F-11D3-BF4B-00C04F79EFBC}") = "PIMAPI", "PIMAPI\PIMAPI.csproj", "{0F5179B3-F914-4E36-BBF4-A12D39AB2956}"
EndProject
Global
	GlobalSection(SolutionConfigurationPlatforms) = preSolution
		Debug|Any CPU = Debug|Any CPU
		Release|Any CPU = Release|Any CPU
	EndGlobalSection
	GlobalSection(ProjectConfigurationPlatforms) = postSolution
		{B04AAA13-E198-46DD-B62F-6A730616AC8F}.Debug|Any CPU.ActiveCfg = Debug|Any CPU
		{B04AAA13-E198-46DD-B62F-6A730616AC8F}.Debug|Any CPU.Build.0 = Debug|Any CPU
		{B04AAA13-E198-46DD-B62F-6A730616AC8F}.Release|Any CPU.ActiveCfg = Release|Any CPU
		{B04AAA13-E198-46DD-B62F-6A730616AC8F}.Release|Any CPU.Build.0 = Release|Any CPU
		{B455571E-7741-426E-A227-8C57C2031448}.Debug|Any CPU.ActiveCfg = Debug|Any CPU
		{B455571E-7741-426E-A227-8C57C2031448}.Debug|Any CPU.Build.0 = Debug|Any CPU
		{B455571E-7741-426E-A227-8C57C2031448}.Release|Any CPU.ActiveCfg = Release|Any CPU
		{B455571E-7741-426E-A227-8C57C2031448}.Release|Any CPU.Build.0 = Release|Any CPU
		{DE81575B-BA8D-4AA3-9CF8-02982D6C6EBE}.Debug|Any CPU.ActiveCfg = Debug|Any CPU
		{DE81575B-BA8D-4AA3-9CF8-02982D6C6EBE}.Debug|Any CPU.Build.0 = Debug|Any CPU
		{DE81575B-BA8D-4AA3-9CF8-02982D6C6EBE}.Release|Any CPU.ActiveCfg = Release|Any CPU
		{DE81575B-BA8D-4AA3-9CF8-02982D6C6EBE}.Release|Any CPU.Build.0 = Release|Any CPU
		{0F5179B3-F914-4E36-BBF4-A12D39AB2956}.Debug|Any CPU.ActiveCfg = Debug|Any CPU
		{0F5179B3-F914-4E36-BBF4-A12D39AB2956}.Debug|Any CPU.Build.0 = Debug|Any CPU
		{0F5179B3-F914-4E36-BBF4-A12D39AB2956}.Release|Any CPU.ActiveCfg = Release|Any CPU
		{0F5179B3-F914-4E36-BBF4-A12D39AB2956}.Release|Any CPU.Build.0 = Release|Any CPU
	EndGlobalSection
	GlobalSection(SolutionProperties) = preSolution
		HideSolutionNode = FALSE
	EndGlobalSection
	GlobalSection(ExtensibilityGlobals) = postSolution
		SolutionGuid = {E50D7731-BFE0-41F7-807D-9EDF9FEB1A9A}
	EndGlobalSection
EndGlobal
